
Microsoft Visual Studio Solution File, Format Version 12.00
# Visual Studio Version 16
VisualStudioVersion = 16.0.30128.74
MinimumVisualStudioVersion = 10.0.40219.1
Project("{FAE04EC0-301F-11D3-BF4B-00C04F79EFBC}") = "HubSender.Android", "HubSender\HubSender.Android\HubSender.Android.csproj", "{24AB962F-DDBF-4E36-A87F-9E1127AED7CE}"
EndProject
Project("{FAE04EC0-301F-11D3-BF4B-00C04F79EFBC}") = "HubSender", "HubSender\HubSender\HubSender.csproj", "{6C6355D6-85D3-41CB-AB51-46367CE4FFA6}"
EndProject
Global
	GlobalSection(SolutionConfigurationPlatforms) = preSolution
		Debug|Any CPU = Debug|Any CPU
		Release|Any CPU = Release|Any CPU
	EndGlobalSection
	GlobalSection(ProjectConfigurationPlatforms) = postSolution
		{24AB962F-DDBF-4E36-A87F-9E1127AED7CE}.Debug|Any CPU.ActiveCfg = Debug|Any CPU
		{24AB962F-DDBF-4E36-A87F-9E1127AED7CE}.Debug|Any CPU.Build.0 = Debug|Any CPU
		{24AB962F-DDBF-4E36-A87F-9E1127AED7CE}.Debug|Any CPU.Deploy.0 = Debug|Any CPU
		{24AB962F-DDBF-4E36-A87F-9E1127AED7CE}.Release|Any CPU.ActiveCfg = Release|Any CPU
		{24AB962F-DDBF-4E36-A87F-9E1127AED7CE}.Release|Any CPU.Build.0 = Release|Any CPU
		{24AB962F-DDBF-4E36-A87F-9E1127AED7CE}.Release|Any CPU.Deploy.0 = Release|Any CPU
		{6C6355D6-85D3-41CB-AB51-46367CE4FFA6}.Debug|Any CPU.ActiveCfg = Debug|Any CPU
		{6C6355D6-85D3-41CB-AB51-46367CE4FFA6}.Debug|Any CPU.Build.0 = Debug|Any CPU
		{6C6355D6-85D3-41CB-AB51-46367CE4FFA6}.Debug|Any CPU.Deploy.0 = Debug|Any CPU
		{6C6355D6-85D3-41CB-AB51-46367CE4FFA6}.Release|Any CPU.ActiveCfg = Release|Any CPU
		{6C6355D6-85D3-41CB-AB51-46367CE4FFA6}.Release|Any CPU.Build.0 = Release|Any CPU
		{6C6355D6-85D3-41CB-AB51-46367CE4FFA6}.Release|Any CPU.Deploy.0 = Release|Any CPU
	EndGlobalSection
	GlobalSection(SolutionProperties) = preSolution
		HideSolutionNode = FALSE
	EndGlobalSection
	GlobalSection(ExtensibilityGlobals) = postSolution
		SolutionGuid = {3900A2AB-59F1-492D-9F05-1BBFFF062190}
	EndGlobalSection
EndGlobal
